
Microsoft Visual Studio Solution File, Format Version 12.00
# Visual Studio Version 16
VisualStudioVersion = 16.0.30621.155
MinimumVisualStudioVersion = 10.0.40219.1
Project("{FAE04EC0-301F-11D3-BF4B-00C04F79EFBC}") = "PTCVotingWebApp", "PTCVotingWebApp\PTCVotingWebApp.csproj", "{BFE7618F-10CB-43B4-81BC-127E35DBFD14}"
EndProject
Global
	GlobalSection(SolutionConfigurationPlatforms) = preSolution
		Debug|Any CPU = Debug|Any CPU
		Release|Any CPU = Release|Any CPU
	EndGlobalSection
	GlobalSection(ProjectConfigurationPlatforms) = postSolution
		{BFE7618F-10CB-43B4-81BC-127E35DBFD14}.Debug|Any CPU.ActiveCfg = Debug|Any CPU
		{BFE7618F-10CB-43B4-81BC-127E35DBFD14}.Debug|Any CPU.Build.0 = Debug|Any CPU
		{BFE7618F-10CB-43B4-81BC-127E35DBFD14}.Release|Any CPU.ActiveCfg = Release|Any CPU
		{BFE7618F-10CB-43B4-81BC-127E35DBFD14}.Release|Any CPU.Build.0 = Release|Any CPU
	EndGlobalSection
	GlobalSection(SolutionProperties) = preSolution
		HideSolutionNode = FALSE
	EndGlobalSection
	GlobalSection(ExtensibilityGlobals) = postSolution
		SolutionGuid = {0754E298-B6A2-4363-A99A-1F90150E9EE0}
	EndGlobalSection
EndGlobal
